
Microsoft Visual Studio Solution File, Format Version 12.00
# Visual Studio Version 16
VisualStudioVersion = 16.0.30503.244
MinimumVisualStudioVersion = 10.0.40219.1
Project("{FAE04EC0-301F-11D3-BF4B-00C04F79EFBC}") = "MyProject_web_programlama", "MyProject_web_programlama\MyProject_web_programlama.csproj", "{7CC4279B-6063-40FC-8ACB-21CCD06FCFE8}"
EndProject
Global
	GlobalSection(SolutionConfigurationPlatforms) = preSolution
		Debug|Any CPU = Debug|Any CPU
		Release|Any CPU = Release|Any CPU
	EndGlobalSection
	GlobalSection(ProjectConfigurationPlatforms) = postSolution
		{7CC4279B-6063-40FC-8ACB-21CCD06FCFE8}.Debug|Any CPU.ActiveCfg = Debug|Any CPU
		{7CC4279B-6063-40FC-8ACB-21CCD06FCFE8}.Debug|Any CPU.Build.0 = Debug|Any CPU
		{7CC4279B-6063-40FC-8ACB-21CCD06FCFE8}.Release|Any CPU.ActiveCfg = Release|Any CPU
		{7CC4279B-6063-40FC-8ACB-21CCD06FCFE8}.Release|Any CPU.Build.0 = Release|Any CPU
	EndGlobalSection
	GlobalSection(SolutionProperties) = preSolution
		HideSolutionNode = FALSE
	EndGlobalSection
	GlobalSection(ExtensibilityGlobals) = postSolution
		SolutionGuid = {0AC46BDF-778C-4A1A-9A60-B4A58B8FCD7A}
	EndGlobalSection
EndGlobal
